Microsoft Visual Studio Solution File, Format Version 11.00
# Visual Studio 2010
Project("{8BC9CEB8-8B4A-11D0-8D11-00A0C91BC942}") = "stm32key", "stm32key\stm32key.vcxproj", "{CA76C186-FBFD-4792-89A2-F5AAB9AAB7CC}"
EndProject
Global
	GlobalSection(SolutionConfigurationPlatforms) = preSolution
		Debug|VisualGDB = Debug|VisualGDB
		Release|VisualGDB = Release|VisualGDB
	EndGlobalSection
	GlobalSection(ProjectConfigurationPlatforms) = postSolution
		{CA76C186-FBFD-4792-89A2-F5AAB9AAB7CC}.Debug|VisualGDB.ActiveCfg = Debug|VisualGDB
		{CA76C186-FBFD-4792-89A2-F5AAB9AAB7CC}.Debug|VisualGDB.Build.0 = Debug|VisualGDB
		{CA76C186-FBFD-4792-89A2-F5AAB9AAB7CC}.Release|VisualGDB.ActiveCfg = Release|VisualGDB
		{CA76C186-FBFD-4792-89A2-F5AAB9AAB7CC}.Release|VisualGDB.Build.0 = Release|VisualGDB
	EndGlobalSection
	GlobalSection(SolutionProperties) = preSolution
		HideSolutionNode = FALSE
	EndGlobalSection
EndGlobal
