<?xml version="1.0" encoding="utf-8"?>
<Project ToolsVersion="4.0" xmlns="http://schemas.microsoft.com/developer/msbuild/2003">
  <ItemGroup>
    <Filter Include="Source files">
      <UniqueIdentifier>{d3e649c6-c173-413b-99c5-7542a306731f}</UniqueIdentifier>
      <Extensions>cpp;c;cc;cxx;def;odl;idl;hpj;bat;asm;asmx</Extensions>
    </Filter>
    <Filter Include="Header files">
      <UniqueIdentifier>{23d865d9-15f1-4fec-beb5-68e781fa69d5}</UniqueIdentifier>
      <Extensions>h;hpp;hxx;hm;inl;inc;xsd</Extensions>
    </Filter>
    <Filter Include="Resource files">
      <UniqueIdentifier>{83ac8526-4ad1-4c1b-a033-42f40dfe2c31}</UniqueIdentifier>
      <Extensions>rc;ico;cur;bmp;dlg;rc2;rct;bin;rgs;gif;jpg;jpeg;jpe;resx;tiff;tif;png;wav</Extensions>
    </Filter>
    <Filter Include="Source files\CORE">
      <UniqueIdentifier>{650d3b4f-b6ef-41f2-9843-228ff62f25b8}</UniqueIdentifier>
    </Filter>
    <Filter Include="Source files\Startup">
      <UniqueIdentifier>{3b3abf0a-627c-4ffa-8336-c94012d72a4a}</UniqueIdentifier>
    </Filter>
    <Filter Include="Source files\STM32Cube HAL">
      <UniqueIdentifier>{6da19ca5-1c81-44f8-b45c-644364ccdb8a}</UniqueIdentifier>
    </Filter>
    <Filter Include="Source files\STM32Cube HAL\COMMON">
      <UniqueIdentifier>{2ed91e84-7626-4278-b307-bb8051e62922}</UniqueIdentifier>
    </Filter>
    <Filter Include="Source files\STM32Cube HAL\PCD">
      <UniqueIdentifier>{f1b68642-9d09-45b0-b387-9d9d08fa205d}</UniqueIdentifier>
    </Filter>
    <Filter Include="Source files\STM32Cube HAL\RCC">
      <UniqueIdentifier>{e71ba820-54e6-4801-9951-6f2f362b019d}</UniqueIdentifier>
    </Filter>
    <Filter Include="Source files\STM32Cube HAL\CORTEX">
      <UniqueIdentifier>{6ea0c7af-0768-483e-82bc-19dec974ccc8}</UniqueIdentifier>
    </Filter>
    <Filter Include="Source files\STM32Cube HAL\EXTI">
      <UniqueIdentifier>{da49532e-720b-4378-9b0e-a486ddd72ce6}</UniqueIdentifier>
    </Filter>
    <Filter Include="Source files\STM32Cube HAL\TIM">
      <UniqueIdentifier>{b1255dc4-9582-400f-929f-72727ee4ba97}</UniqueIdentifier>
    </Filter>
    <Filter Include="Source files\STM32Cube HAL\DMA">
      <UniqueIdentifier>{77ed098f-c252-4a68-990e-18190c3677a0}</UniqueIdentifier>
    </Filter>
    <Filter Include="Source files\STM32Cube HAL\PWR">
      <UniqueIdentifier>{da02d9d1-81b1-432b-9496-e92460b653d1}</UniqueIdentifier>
    </Filter>
    <Filter Include="Source files\STM32Cube HAL\FLASH">
      <UniqueIdentifier>{d4f1a475-eb42-4d5d-8872-32fcc02b7603}</UniqueIdentifier>
    </Filter>
    <Filter Include="Source files\STM32Cube HAL\GPIO">
      <UniqueIdentifier>{b7972ac9-e7f1-450b-ba85-05f96c0be376}</UniqueIdentifier>
    </Filter>
    <Filter Include="Source files\STM32Cube HAL\USB_DEVICE">
      <UniqueIdentifier>{f1c5a537-cedf-4705-9e71-012bf678a59c}</UniqueIdentifier>
    </Filter>
    <Filter Include="Source files\Device-specific files">
      <UniqueIdentifier>{fd2b6c33-0e32-4544-a9ce-c24e089c445d}</UniqueIdentifier>
    </Filter>
    <Filter Include="Header files\CORE">
      <UniqueIdentifier>{01dcc5c3-1cd3-4932-ac6b-6f76d7bbcce5}</UniqueIdentifier>
    </Filter>
    <Filter Include="Header files\Startup">
      <UniqueIdentifier>{ee0cfea1-d33c-41f7-9ddc-1675ea157e94}</UniqueIdentifier>
    </Filter>
    <Filter Include="Header files\STM32Cube HAL">
      <UniqueIdentifier>{3a5e1eca-406c-4fdf-b977-b3fa90eb4f5b}</UniqueIdentifier>
    </Filter>
    <Filter Include="Header files\STM32Cube HAL\COMMON">
      <UniqueIdentifier>{62f9348d-2e66-4d58-82b1-b71756036058}</UniqueIdentifier>
    </Filter>
    <Filter Include="Header files\STM32Cube HAL\PCD">
      <UniqueIdentifier>{10f3aca3-7e24-4458-b81f-29dd78d8f148}</UniqueIdentifier>
    </Filter>
    <Filter Include="Header files\STM32Cube HAL\RCC">
      <UniqueIdentifier>{7426d6a0-7116-414c-970c-f177129b2852}</UniqueIdentifier>
    </Filter>
    <Filter Include="Header files\STM32Cube HAL\CORTEX">
      <UniqueIdentifier>{e3d56040-5aaa-44c4-b9fc-3ee01fc494ff}</UniqueIdentifier>
    </Filter>
    <Filter Include="Header files\STM32Cube HAL\EXTI">
      <UniqueIdentifier>{f314aa63-e9e3-44af-afb8-30aff9b2825a}</UniqueIdentifier>
    </Filter>
    <Filter Include="Header files\STM32Cube HAL\TIM">
      <UniqueIdentifier>{f2968a52-3bc7-4ae2-bdb8-8f2a3032d657}</UniqueIdentifier>
    </Filter>
    <Filter Include="Header files\STM32Cube HAL\DMA">
      <UniqueIdentifier>{262893c3-7610-460f-9ca6-e319df92d504}</UniqueIdentifier>
    </Filter>
    <Filter Include="Header files\STM32Cube HAL\PWR">
      <UniqueIdentifier>{a100d9e1-cd68-4f32-bece-b15e285de318}</UniqueIdentifier>
    </Filter>
    <Filter Include="Header files\STM32Cube HAL\FLASH">
      <UniqueIdentifier>{0d62afc4-f6cd-4af2-9e0b-0e0c3b8251c4}</UniqueIdentifier>
    </Filter>
    <Filter Include="Header files\STM32Cube HAL\GPIO">
      <UniqueIdentifier>{3e4a5916-6c86-477e-8de2-67afa16f153b}</UniqueIdentifier>
    </Filter>
    <Filter Include="Header files\STM32Cube HAL\USB_DEVICE">
      <UniqueIdentifier>{db73f27e-8bd8-4152-9570-0f5018ba6f55}</UniqueIdentifier>
    </Filter>
    <Filter Include="Header files\Device-specific files">
      <UniqueIdentifier>{3111f118-5114-4236-8006-a3cef2d5d20a}</UniqueIdentifier>
    </Filter>
    <Filter Include="VisualGDB settings">
      <UniqueIdentifier>{03154170-b7b0-4a07-a357-e53ef09c3a03}</UniqueIdentifier>
    </Filter>
  </ItemGroup>
  <ItemGroup>
    <ClCompile Include="..\..\Src\usb_device.c">
      <Filter>Source files</Filter>
    </ClCompile>
    <ClCompile Include="..\..\Src\usbd_conf.c">
      <Filter>Source files</Filter>
    </ClCompile>
    <ClCompile Include="..\..\Src\usbd_desc.c">
      <Filter>Source files</Filter>
    </ClCompile>
    <ClCompile Include="..\..\Src\usbd_custom_hid_if.c">
      <Filter>Source files</Filter>
    </ClCompile>
    <ClCompile Include="..\..\Src\stm32l4xx_it.c">
      <Filter>Source files</Filter>
    </ClCompile>
    <ClCompile Include="..\..\Src\stm32l4xx_hal_msp.c">
      <Filter>Source files</Filter>
    </ClCompile>
    <ClCompile Include="..\..\Src\main.c">
      <Filter>Source files</Filter>
    </ClCompile>
    <ClCompile Include="..\..\Drivers\CMSIS\Device\ST\STM32L4xx\Source\Templates\system_stm32l4xx.c">
      <Filter>Source files\Startup</Filter>
    </ClCompile>
    <ClCompile Include="..\..\Drivers\STM32L4xx_HAL_Driver\Src\stm32l4xx_hal.c">
      <Filter>Source files\STM32Cube HAL\COMMON</Filter>
    </ClCompile>
    <ClCompile Include="..\..\Drivers\STM32L4xx_HAL_Driver\Src\stm32l4xx_hal_i2c.c">
      <Filter>Source files\STM32Cube HAL\COMMON</Filter>
    </ClCompile>
    <ClCompile Include="..\..\Drivers\STM32L4xx_HAL_Driver\Src\stm32l4xx_hal_i2c_ex.c">
      <Filter>Source files\STM32Cube HAL\COMMON</Filter>
    </ClCompile>
    <ClCompile Include="..\..\Drivers\STM32L4xx_HAL_Driver\Src\stm32l4xx_hal_pcd.c">
      <Filter>Source files\STM32Cube HAL\PCD</Filter>
    </ClCompile>
    <ClCompile Include="..\..\Drivers\STM32L4xx_HAL_Driver\Src\stm32l4xx_hal_pcd_ex.c">
      <Filter>Source files\STM32Cube HAL\PCD</Filter>
    </ClCompile>
    <ClCompile Include="..\..\Drivers\STM32L4xx_HAL_Driver\Src\stm32l4xx_ll_usb.c">
      <Filter>Source files\STM32Cube HAL\PCD</Filter>
    </ClCompile>
    <ClCompile Include="..\..\Drivers\STM32L4xx_HAL_Driver\Src\stm32l4xx_hal_rcc.c">
      <Filter>Source files\STM32Cube HAL\RCC</Filter>
    </ClCompile>
    <ClCompile Include="..\..\Drivers\STM32L4xx_HAL_Driver\Src\stm32l4xx_hal_rcc_ex.c">
      <Filter>Source files\STM32Cube HAL\RCC</Filter>
    </ClCompile>
    <ClCompile Include="..\..\Drivers\STM32L4xx_HAL_Driver\Src\stm32l4xx_hal_cortex.c">
      <Filter>Source files\STM32Cube HAL\CORTEX</Filter>
    </ClCompile>
    <ClCompile Include="..\..\Drivers\STM32L4xx_HAL_Driver\Src\stm32l4xx_hal_exti.c">
      <Filter>Source files\STM32Cube HAL\EXTI</Filter>
    </ClCompile>
    <ClCompile Include="..\..\Drivers\STM32L4xx_HAL_Driver\Src\stm32l4xx_hal_tim.c">
      <Filter>Source files\STM32Cube HAL\TIM</Filter>
    </ClCompile>
    <ClCompile Include="..\..\Drivers\STM32L4xx_HAL_Driver\Src\stm32l4xx_hal_tim_ex.c">
      <Filter>Source files\STM32Cube HAL\TIM</Filter>
    </ClCompile>
    <ClCompile Include="..\..\Drivers\STM32L4xx_HAL_Driver\Src\stm32l4xx_hal_dma.c">
      <Filter>Source files\STM32Cube HAL\DMA</Filter>
    </ClCompile>
    <ClCompile Include="..\..\Drivers\STM32L4xx_HAL_Driver\Src\stm32l4xx_hal_dma_ex.c">
      <Filter>Source files\STM32Cube HAL\DMA</Filter>
    </ClCompile>
    <ClCompile Include="..\..\Drivers\STM32L4xx_HAL_Driver\Src\stm32l4xx_hal_pwr.c">
      <Filter>Source files\STM32Cube HAL\PWR</Filter>
    </ClCompile>
    <ClCompile Include="..\..\Drivers\STM32L4xx_HAL_Driver\Src\stm32l4xx_hal_pwr_ex.c">
      <Filter>Source files\STM32Cube HAL\PWR</Filter>
    </ClCompile>
    <ClCompile Include="..\..\Drivers\STM32L4xx_HAL_Driver\Src\stm32l4xx_hal_flash.c">
      <Filter>Source files\STM32Cube HAL\FLASH</Filter>
    </ClCompile>
    <ClCompile Include="..\..\Drivers\STM32L4xx_HAL_Driver\Src\stm32l4xx_hal_flash_ex.c">
      <Filter>Source files\STM32Cube HAL\FLASH</Filter>
    </ClCompile>
    <ClCompile Include="..\..\Drivers\STM32L4xx_HAL_Driver\Src\stm32l4xx_hal_flash_ramfunc.c">
      <Filter>Source files\STM32Cube HAL\FLASH</Filter>
    </ClCompile>
    <ClCompile Include="..\..\Drivers\STM32L4xx_HAL_Driver\Src\stm32l4xx_hal_gpio.c">
      <Filter>Source files\STM32Cube HAL\GPIO</Filter>
    </ClCompile>
    <ClCompile Include="..\..\Middlewares\ST\STM32_USB_Device_Library\Core\Src\usbd_core.c">
      <Filter>Source files\STM32Cube HAL\USB_DEVICE</Filter>
    </ClCompile>
    <ClCompile Include="..\..\Middlewares\ST\STM32_USB_Device_Library\Core\Src\usbd_ctlreq.c">
      <Filter>Source files\STM32Cube HAL\USB_DEVICE</Filter>
    </ClCompile>
    <ClCompile Include="..\..\Middlewares\ST\STM32_USB_Device_Library\Core\Src\usbd_ioreq.c">
      <Filter>Source files\STM32Cube HAL\USB_DEVICE</Filter>
    </ClCompile>
    <ClCompile Include="..\..\Middlewares\ST\STM32_USB_Device_Library\Class\CustomHID\Src\usbd_customhid.c">
      <Filter>Source files\STM32Cube HAL\USB_DEVICE</Filter>
    </ClCompile>
    <None Include="stm32.props">
      <Filter>Source files\Device-specific files</Filter>
    </None>
    <ClCompile Include="$(BSP_ROOT)\STM32L4xxxx\StartupFiles\startup_stm32l412xx.c">
      <Filter>Source files\Device-specific files</Filter>
    </ClCompile>
    <ClInclude Include="..\..\Inc\usb_device.h">
      <Filter>Header files</Filter>
    </ClInclude>
    <ClInclude Include="..\..\Inc\usbd_conf.h">
      <Filter>Header files</Filter>
    </ClInclude>
    <ClInclude Include="..\..\Inc\usbd_desc.h">
      <Filter>Header files</Filter>
    </ClInclude>
    <ClInclude Include="..\..\Inc\usbd_custom_hid_if.h">
      <Filter>Header files</Filter>
    </ClInclude>
    <ClInclude Include="..\..\Inc\stm32l4xx_it.h">
      <Filter>Header files</Filter>
    </ClInclude>
    <ClInclude Include="..\..\Inc\stm32l4xx_hal_conf.h">
      <Filter>Header files</Filter>
    </ClInclude>
    <ClInclude Include="..\..\Inc\main.h">
      <Filter>Header files</Filter>
    </ClInclude>
    <ClInclude Include="..\..\Drivers\CMSIS\Include\core_cm4.h">
      <Filter>Header files\CORE</Filter>
    </ClInclude>
    <ClInclude Include="..\..\Drivers\CMSIS\Device\ST\STM32L4xx\Include\stm32l4xx.h">
      <Filter>Header files\Startup</Filter>
    </ClInclude>
    <ClInclude Include="..\..\Drivers\CMSIS\Device\ST\STM32L4xx\Include\system_stm32l4xx.h">
      <Filter>Header files\Startup</Filter>
    </ClInclude>
    <ClInclude Include="..\..\Drivers\STM32L4xx_HAL_Driver\Inc\stm32l4xx_hal.h">
      <Filter>Header files\STM32Cube HAL\COMMON</Filter>
    </ClInclude>
    <ClInclude Include="..\..\Drivers\STM32L4xx_HAL_Driver\Inc\stm32l4xx_hal_def.h">
      <Filter>Header files\STM32Cube HAL\COMMON</Filter>
    </ClInclude>
    <ClInclude Include="..\..\Drivers\STM32L4xx_HAL_Driver\Inc\Legacy\stm32_hal_legacy.h">
      <Filter>Header files\STM32Cube HAL\COMMON</Filter>
    </ClInclude>
    <ClInclude Include="..\..\Drivers\STM32L4xx_HAL_Driver\Inc\stm32l4xx_hal_i2c.h">
      <Filter>Header files\STM32Cube HAL\COMMON</Filter>
    </ClInclude>
    <ClInclude Include="..\..\Drivers\STM32L4xx_HAL_Driver\Inc\stm32l4xx_hal_i2c_ex.h">
      <Filter>Header files\STM32Cube HAL\COMMON</Filter>
    </ClInclude>
    <ClInclude Include="..\..\Drivers\STM32L4xx_HAL_Driver\Inc\stm32l4xx_hal_pcd.h">
      <Filter>Header files\STM32Cube HAL\PCD</Filter>
    </ClInclude>
    <ClInclude Include="..\..\Drivers\STM32L4xx_HAL_Driver\Inc\stm32l4xx_hal_pcd_ex.h">
      <Filter>Header files\STM32Cube HAL\PCD</Filter>
    </ClInclude>
    <ClInclude Include="..\..\Drivers\STM32L4xx_HAL_Driver\Inc\stm32l4xx_ll_usb.h">
      <Filter>Header files\STM32Cube HAL\PCD</Filter>
    </ClInclude>
    <ClInclude Include="..\..\Drivers\STM32L4xx_HAL_Driver\Inc\stm32l4xx_hal_rcc.h">
      <Filter>Header files\STM32Cube HAL\RCC</Filter>
    </ClInclude>
    <ClInclude Include="..\..\Drivers\STM32L4xx_HAL_Driver\Inc\stm32l4xx_hal_rcc_ex.h">
      <Filter>Header files\STM32Cube HAL\RCC</Filter>
    </ClInclude>
    <ClInclude Include="..\..\Drivers\STM32L4xx_HAL_Driver\Inc\stm32l4xx_hal_cortex.h">
      <Filter>Header files\STM32Cube HAL\CORTEX</Filter>
    </ClInclude>
    <ClInclude Include="..\..\Drivers\STM32L4xx_HAL_Driver\Inc\stm32l4xx_hal_exti.h">
      <Filter>Header files\STM32Cube HAL\EXTI</Filter>
    </ClInclude>
    <ClInclude Include="..\..\Drivers\STM32L4xx_HAL_Driver\Inc\stm32l4xx_hal_tim.h">
      <Filter>Header files\STM32Cube HAL\TIM</Filter>
    </ClInclude>
    <ClInclude Include="..\..\Drivers\STM32L4xx_HAL_Driver\Inc\stm32l4xx_hal_tim_ex.h">
      <Filter>Header files\STM32Cube HAL\TIM</Filter>
    </ClInclude>
    <ClInclude Include="..\..\Drivers\STM32L4xx_HAL_Driver\Inc\stm32l4xx_hal_dma.h">
      <Filter>Header files\STM32Cube HAL\DMA</Filter>
    </ClInclude>
    <ClInclude Include="..\..\Drivers\STM32L4xx_HAL_Driver\Inc\stm32l4xx_hal_dma_ex.h">
      <Filter>Header files\STM32Cube HAL\DMA</Filter>
    </ClInclude>
    <ClInclude Include="..\..\Drivers\STM32L4xx_HAL_Driver\Inc\stm32l4xx_hal_pwr.h">
      <Filter>Header files\STM32Cube HAL\PWR</Filter>
    </ClInclude>
    <ClInclude Include="..\..\Drivers\STM32L4xx_HAL_Driver\Inc\stm32l4xx_hal_pwr_ex.h">
      <Filter>Header files\STM32Cube HAL\PWR</Filter>
    </ClInclude>
    <ClInclude Include="..\..\Drivers\STM32L4xx_HAL_Driver\Inc\stm32l4xx_hal_flash.h">
      <Filter>Header files\STM32Cube HAL\FLASH</Filter>
    </ClInclude>
    <ClInclude Include="..\..\Drivers\STM32L4xx_HAL_Driver\Inc\stm32l4xx_hal_flash_ex.h">
      <Filter>Header files\STM32Cube HAL\FLASH</Filter>
    </ClInclude>
    <ClInclude Include="..\..\Drivers\STM32L4xx_HAL_Driver\Inc\stm32l4xx_hal_flash_ramfunc.h">
      <Filter>Header files\STM32Cube HAL\FLASH</Filter>
    </ClInclude>
    <ClInclude Include="..\..\Drivers\STM32L4xx_HAL_Driver\Inc\stm32l4xx_hal_gpio.h">
      <Filter>Header files\STM32Cube HAL\GPIO</Filter>
    </ClInclude>
    <ClInclude Include="..\..\Drivers\STM32L4xx_HAL_Driver\Inc\stm32l4xx_hal_gpio_ex.h">
      <Filter>Header files\STM32Cube HAL\GPIO</Filter>
    </ClInclude>
    <ClInclude Include="..\..\Middlewares\ST\STM32_USB_Device_Library\Core\Inc\usbd_core.h">
      <Filter>Header files\STM32Cube HAL\USB_DEVICE</Filter>
    </ClInclude>
    <ClInclude Include="..\..\Middlewares\ST\STM32_USB_Device_Library\Core\Inc\usbd_ctlreq.h">
      <Filter>Header files\STM32Cube HAL\USB_DEVICE</Filter>
    </ClInclude>
    <ClInclude Include="..\..\Middlewares\ST\STM32_USB_Device_Library\Core\Inc\usbd_def.h">
      <Filter>Header files\STM32Cube HAL\USB_DEVICE</Filter>
    </ClInclude>
    <ClInclude Include="..\..\Middlewares\ST\STM32_USB_Device_Library\Core\Inc\usbd_ioreq.h">
      <Filter>Header files\STM32Cube HAL\USB_DEVICE</Filter>
    </ClInclude>
    <ClInclude Include="..\..\Middlewares\ST\STM32_USB_Device_Library\Class\CustomHID\Inc\usbd_customhid.h">
      <Filter>Header files\STM32Cube HAL\USB_DEVICE</Filter>
    </ClInclude>
    <None Include="EmbeddedProject1-Debug.vgdbsettings">
      <Filter>VisualGDB settings</Filter>
    </None>
    <None Include="EmbeddedProject1-Release.vgdbsettings">
      <Filter>VisualGDB settings</Filter>
    </None>
    <None Include="stm32.xml">
      <Filter>VisualGDB settings</Filter>
    </None>
    <ClCompile Include="..\..\Src\gpio.c">
      <Filter>Source files</Filter>
    </ClCompile>
  </ItemGroup>
  <ItemGroup>
    <ClInclude Include="..\..\Inc\gpio.h">
      <Filter>Header files</Filter>
    </ClInclude>
  </ItemGroup>
  <ItemGroup>
    <LinkerScript Include="STM32L412CB_flash.lds">
      <Filter>Source files</Filter>
    </LinkerScript>
  </ItemGroup>
</Project>