
Microsoft Visual Studio Solution File, Format Version 11.00
# Visual Studio 2010
Project("{8BC9CEB8-8B4A-11D0-8D11-00A0C91BC942}") = "CarKey2", "CarKey2\CarKey2\CarKey2.vcxproj", "{3EEA8CA4-2E26-4637-A324-3E7C1BC0B1E1}"
EndProject
Project("{8BC9CEB8-8B4A-11D0-8D11-00A0C91BC942}") = "CarKey3", "CarKey3\CarKey3\CarKey3.vcxproj", "{0218C613-92FB-4388-8FCF-24B1836B4DE3}"
EndProject
Project("{2150E333-8FDC-42A3-9474-1A3956D46DE8}") = "lib", "lib", "{F6D710ED-7B66-4E2C-B76A-EE0ED5DE768A}"
	ProjectSection(SolutionItems) = preProject
		CarKeyCommon\hid.lib = CarKeyCommon\hid.lib
		CarKeyCommon\setupapi.lib = CarKeyCommon\setupapi.lib
	EndProjectSection
EndProject
Project("{54435603-DBB4-11D2-8724-00A0C9A8B90C}") = "CarKey3Setup", "CarKey3Setup\CarKey3Setup.vdproj", "{B7B8831E-A3C6-45D8-BDA8-4366AC8685D0}"
EndProject
Project("{8BC9CEB8-8B4A-11D0-8D11-00A0C91BC942}") = "UpdateSoft", "UpdateSoft\UpdateSoft.vcxproj", "{0C703F26-60DD-46B5-BC76-B39B4697D94A}"
EndProject
Project("{8BC9CEB8-8B4A-11D0-8D11-00A0C91BC942}") = "wfHashCalc", "wfHashCalc\wfHashCalc.vcxproj", "{03086BD7-0EE7-4BA7-9D6F-E706A43F140B}"
EndProject
Project("{FAE04EC0-301F-11D3-BF4B-00C04F79EFBC}") = "设备注册", "设备注册\设备注册.csproj", "{DF7104D3-9F8A-416B-9919-E282FCAB5A44}"
EndProject
Project("{FAE04EC0-301F-11D3-BF4B-00C04F79EFBC}") = "WFNetLib40", "..\..\WFLib\WFNetLib\WFNetLib40.csproj", "{FF8FFA8D-5A95-4BCE-877D-00DF5076A2F4}"
EndProject
Global
	GlobalSection(SolutionConfigurationPlatforms) = preSolution
		Debug|Any CPU = Debug|Any CPU
		Debug|Mixed Platforms = Debug|Mixed Platforms
		Debug|Win32 = Debug|Win32
		Debug|x86 = Debug|x86
		NET35|Any CPU = NET35|Any CPU
		NET35|Mixed Platforms = NET35|Mixed Platforms
		NET35|Win32 = NET35|Win32
		NET35|x86 = NET35|x86
		OffLine|Any CPU = OffLine|Any CPU
		OffLine|Mixed Platforms = OffLine|Mixed Platforms
		OffLine|Win32 = OffLine|Win32
		OffLine|x86 = OffLine|x86
		Release|Any CPU = Release|Any CPU
		Release|Mixed Platforms = Release|Mixed Platforms
		Release|Win32 = Release|Win32
		Release|x86 = Release|x86
		UseCopy|Any CPU = UseCopy|Any CPU
		UseCopy|Mixed Platforms = UseCopy|Mixed Platforms
		UseCopy|Win32 = UseCopy|Win32
		UseCopy|x86 = UseCopy|x86
	EndGlobalSection
	GlobalSection(ProjectConfigurationPlatforms) = postSolution
		{3EEA8CA4-2E26-4637-A324-3E7C1BC0B1E1}.Debug|Any CPU.ActiveCfg = Debug|Win32
		{3EEA8CA4-2E26-4637-A324-3E7C1BC0B1E1}.Debug|Mixed Platforms.ActiveCfg = Debug|Win32
		{3EEA8CA4-2E26-4637-A324-3E7C1BC0B1E1}.Debug|Win32.ActiveCfg = Debug|Win32
		{3EEA8CA4-2E26-4637-A324-3E7C1BC0B1E1}.Debug|x86.ActiveCfg = Debug|Win32
		{3EEA8CA4-2E26-4637-A324-3E7C1BC0B1E1}.NET35|Any CPU.ActiveCfg = UseCopy|Win32
		{3EEA8CA4-2E26-4637-A324-3E7C1BC0B1E1}.NET35|Mixed Platforms.ActiveCfg = UseCopy|Win32
		{3EEA8CA4-2E26-4637-A324-3E7C1BC0B1E1}.NET35|Mixed Platforms.Build.0 = UseCopy|Win32
		{3EEA8CA4-2E26-4637-A324-3E7C1BC0B1E1}.NET35|Win32.ActiveCfg = UseCopy|Win32
		{3EEA8CA4-2E26-4637-A324-3E7C1BC0B1E1}.NET35|Win32.Build.0 = UseCopy|Win32
		{3EEA8CA4-2E26-4637-A324-3E7C1BC0B1E1}.NET35|x86.ActiveCfg = UseCopy|Win32
		{3EEA8CA4-2E26-4637-A324-3E7C1BC0B1E1}.OffLine|Any CPU.ActiveCfg = UseCopy|Win32
		{3EEA8CA4-2E26-4637-A324-3E7C1BC0B1E1}.OffLine|Mixed Platforms.ActiveCfg = UseCopy|Win32
		{3EEA8CA4-2E26-4637-A324-3E7C1BC0B1E1}.OffLine|Mixed Platforms.Build.0 = UseCopy|Win32
		{3EEA8CA4-2E26-4637-A324-3E7C1BC0B1E1}.OffLine|Win32.ActiveCfg = UseCopy|Win32
		{3EEA8CA4-2E26-4637-A324-3E7C1BC0B1E1}.OffLine|Win32.Build.0 = UseCopy|Win32
		{3EEA8CA4-2E26-4637-A324-3E7C1BC0B1E1}.OffLine|x86.ActiveCfg = UseCopy|Win32
		{3EEA8CA4-2E26-4637-A324-3E7C1BC0B1E1}.Release|Any CPU.ActiveCfg = Release|Win32
		{3EEA8CA4-2E26-4637-A324-3E7C1BC0B1E1}.Release|Mixed Platforms.ActiveCfg = Release|Win32
		{3EEA8CA4-2E26-4637-A324-3E7C1BC0B1E1}.Release|Win32.ActiveCfg = Release|Win32
		{3EEA8CA4-2E26-4637-A324-3E7C1BC0B1E1}.Release|x86.ActiveCfg = Release|Win32
		{3EEA8CA4-2E26-4637-A324-3E7C1BC0B1E1}.UseCopy|Any CPU.ActiveCfg = UseCopy|Win32
		{3EEA8CA4-2E26-4637-A324-3E7C1BC0B1E1}.UseCopy|Mixed Platforms.ActiveCfg = UseCopy|Win32
		{3EEA8CA4-2E26-4637-A324-3E7C1BC0B1E1}.UseCopy|Mixed Platforms.Build.0 = UseCopy|Win32
		{3EEA8CA4-2E26-4637-A324-3E7C1BC0B1E1}.UseCopy|Win32.ActiveCfg = UseCopy|Win32
		{3EEA8CA4-2E26-4637-A324-3E7C1BC0B1E1}.UseCopy|x86.ActiveCfg = UseCopy|Win32
		{0218C613-92FB-4388-8FCF-24B1836B4DE3}.Debug|Any CPU.ActiveCfg = Debug|Win32
		{0218C613-92FB-4388-8FCF-24B1836B4DE3}.Debug|Mixed Platforms.ActiveCfg = Debug|Win32
		{0218C613-92FB-4388-8FCF-24B1836B4DE3}.Debug|Mixed Platforms.Build.0 = Debug|Win32
		{0218C613-92FB-4388-8FCF-24B1836B4DE3}.Debug|Win32.ActiveCfg = Debug|Win32
		{0218C613-92FB-4388-8FCF-24B1836B4DE3}.Debug|Win32.Build.0 = Debug|Win32
		{0218C613-92FB-4388-8FCF-24B1836B4DE3}.Debug|x86.ActiveCfg = Debug|Win32
		{0218C613-92FB-4388-8FCF-24B1836B4DE3}.NET35|Any CPU.ActiveCfg = UseCopy|Win32
		{0218C613-92FB-4388-8FCF-24B1836B4DE3}.NET35|Mixed Platforms.ActiveCfg = UseCopy|Win32
		{0218C613-92FB-4388-8FCF-24B1836B4DE3}.NET35|Mixed Platforms.Build.0 = UseCopy|Win32
		{0218C613-92FB-4388-8FCF-24B1836B4DE3}.NET35|Win32.ActiveCfg = UseCopy|Win32
		{0218C613-92FB-4388-8FCF-24B1836B4DE3}.NET35|Win32.Build.0 = UseCopy|Win32
		{0218C613-92FB-4388-8FCF-24B1836B4DE3}.NET35|x86.ActiveCfg = UseCopy|Win32
		{0218C613-92FB-4388-8FCF-24B1836B4DE3}.OffLine|Any CPU.ActiveCfg = UseCopy|Win32
		{0218C613-92FB-4388-8FCF-24B1836B4DE3}.OffLine|Mixed Platforms.ActiveCfg = UseCopy|Win32
		{0218C613-92FB-4388-8FCF-24B1836B4DE3}.OffLine|Mixed Platforms.Build.0 = UseCopy|Win32
		{0218C613-92FB-4388-8FCF-24B1836B4DE3}.OffLine|Win32.ActiveCfg = UseCopy|Win32
		{0218C613-92FB-4388-8FCF-24B1836B4DE3}.OffLine|Win32.Build.0 = UseCopy|Win32
		{0218C613-92FB-4388-8FCF-24B1836B4DE3}.OffLine|x86.ActiveCfg = UseCopy|Win32
		{0218C613-92FB-4388-8FCF-24B1836B4DE3}.Release|Any CPU.ActiveCfg = Release|Win32
		{0218C613-92FB-4388-8FCF-24B1836B4DE3}.Release|Mixed Platforms.ActiveCfg = Release|Win32
		{0218C613-92FB-4388-8FCF-24B1836B4DE3}.Release|Mixed Platforms.Build.0 = Release|Win32
		{0218C613-92FB-4388-8FCF-24B1836B4DE3}.Release|Win32.ActiveCfg = Release|Win32
		{0218C613-92FB-4388-8FCF-24B1836B4DE3}.Release|Win32.Build.0 = Release|Win32
		{0218C613-92FB-4388-8FCF-24B1836B4DE3}.Release|x86.ActiveCfg = Release|Win32
		{0218C613-92FB-4388-8FCF-24B1836B4DE3}.UseCopy|Any CPU.ActiveCfg = UseCopy|Win32
		{0218C613-92FB-4388-8FCF-24B1836B4DE3}.UseCopy|Mixed Platforms.ActiveCfg = UseCopy|Win32
		{0218C613-92FB-4388-8FCF-24B1836B4DE3}.UseCopy|Mixed Platforms.Build.0 = UseCopy|Win32
		{0218C613-92FB-4388-8FCF-24B1836B4DE3}.UseCopy|Win32.ActiveCfg = UseCopy|Win32
		{0218C613-92FB-4388-8FCF-24B1836B4DE3}.UseCopy|Win32.Build.0 = UseCopy|Win32
		{0218C613-92FB-4388-8FCF-24B1836B4DE3}.UseCopy|x86.ActiveCfg = UseCopy|Win32
		{B7B8831E-A3C6-45D8-BDA8-4366AC8685D0}.Debug|Any CPU.ActiveCfg = Debug
		{B7B8831E-A3C6-45D8-BDA8-4366AC8685D0}.Debug|Any CPU.Build.0 = Debug
		{B7B8831E-A3C6-45D8-BDA8-4366AC8685D0}.Debug|Mixed Platforms.ActiveCfg = Debug
		{B7B8831E-A3C6-45D8-BDA8-4366AC8685D0}.Debug|Win32.ActiveCfg = Debug
		{B7B8831E-A3C6-45D8-BDA8-4366AC8685D0}.Debug|x86.ActiveCfg = Debug
		{B7B8831E-A3C6-45D8-BDA8-4366AC8685D0}.Debug|x86.Build.0 = Debug
		{B7B8831E-A3C6-45D8-BDA8-4366AC8685D0}.NET35|Any CPU.ActiveCfg = Release
		{B7B8831E-A3C6-45D8-BDA8-4366AC8685D0}.NET35|Any CPU.Build.0 = Release
		{B7B8831E-A3C6-45D8-BDA8-4366AC8685D0}.NET35|Mixed Platforms.ActiveCfg = Release
		{B7B8831E-A3C6-45D8-BDA8-4366AC8685D0}.NET35|Mixed Platforms.Build.0 = Release
		{B7B8831E-A3C6-45D8-BDA8-4366AC8685D0}.NET35|Win32.ActiveCfg = Release
		{B7B8831E-A3C6-45D8-BDA8-4366AC8685D0}.NET35|Win32.Build.0 = Release
		{B7B8831E-A3C6-45D8-BDA8-4366AC8685D0}.NET35|x86.ActiveCfg = Release
		{B7B8831E-A3C6-45D8-BDA8-4366AC8685D0}.NET35|x86.Build.0 = Release
		{B7B8831E-A3C6-45D8-BDA8-4366AC8685D0}.OffLine|Any CPU.ActiveCfg = Release
		{B7B8831E-A3C6-45D8-BDA8-4366AC8685D0}.OffLine|Any CPU.Build.0 = Release
		{B7B8831E-A3C6-45D8-BDA8-4366AC8685D0}.OffLine|Mixed Platforms.ActiveCfg = Release
		{B7B8831E-A3C6-45D8-BDA8-4366AC8685D0}.OffLine|Mixed Platforms.Build.0 = Release
		{B7B8831E-A3C6-45D8-BDA8-4366AC8685D0}.OffLine|Win32.ActiveCfg = Release
		{B7B8831E-A3C6-45D8-BDA8-4366AC8685D0}.OffLine|Win32.Build.0 = Release
		{B7B8831E-A3C6-45D8-BDA8-4366AC8685D0}.OffLine|x86.ActiveCfg = Release
		{B7B8831E-A3C6-45D8-BDA8-4366AC8685D0}.OffLine|x86.Build.0 = Release
		{B7B8831E-A3C6-45D8-BDA8-4366AC8685D0}.Release|Any CPU.ActiveCfg = Release
		{B7B8831E-A3C6-45D8-BDA8-4366AC8685D0}.Release|Any CPU.Build.0 = Release
		{B7B8831E-A3C6-45D8-BDA8-4366AC8685D0}.Release|Mixed Platforms.ActiveCfg = Release
		{B7B8831E-A3C6-45D8-BDA8-4366AC8685D0}.Release|Win32.ActiveCfg = Release
		{B7B8831E-A3C6-45D8-BDA8-4366AC8685D0}.Release|x86.ActiveCfg = Release
		{B7B8831E-A3C6-45D8-BDA8-4366AC8685D0}.Release|x86.Build.0 = Release
		{B7B8831E-A3C6-45D8-BDA8-4366AC8685D0}.UseCopy|Any CPU.ActiveCfg = Release
		{B7B8831E-A3C6-45D8-BDA8-4366AC8685D0}.UseCopy|Any CPU.Build.0 = Release
		{B7B8831E-A3C6-45D8-BDA8-4366AC8685D0}.UseCopy|Mixed Platforms.ActiveCfg = Release
		{B7B8831E-A3C6-45D8-BDA8-4366AC8685D0}.UseCopy|Mixed Platforms.Build.0 = Release
		{B7B8831E-A3C6-45D8-BDA8-4366AC8685D0}.UseCopy|Win32.ActiveCfg = Release
		{B7B8831E-A3C6-45D8-BDA8-4366AC8685D0}.UseCopy|x86.ActiveCfg = Release
		{B7B8831E-A3C6-45D8-BDA8-4366AC8685D0}.UseCopy|x86.Build.0 = Release
		{0C703F26-60DD-46B5-BC76-B39B4697D94A}.Debug|Any CPU.ActiveCfg = Debug|Win32
		{0C703F26-60DD-46B5-BC76-B39B4697D94A}.Debug|Mixed Platforms.ActiveCfg = Debug|Win32
		{0C703F26-60DD-46B5-BC76-B39B4697D94A}.Debug|Win32.ActiveCfg = Debug|Win32
		{0C703F26-60DD-46B5-BC76-B39B4697D94A}.Debug|x86.ActiveCfg = Debug|Win32
		{0C703F26-60DD-46B5-BC76-B39B4697D94A}.NET35|Any CPU.ActiveCfg = Release|Win32
		{0C703F26-60DD-46B5-BC76-B39B4697D94A}.NET35|Mixed Platforms.ActiveCfg = Release|Win32
		{0C703F26-60DD-46B5-BC76-B39B4697D94A}.NET35|Mixed Platforms.Build.0 = Release|Win32
		{0C703F26-60DD-46B5-BC76-B39B4697D94A}.NET35|Win32.ActiveCfg = Release|Win32
		{0C703F26-60DD-46B5-BC76-B39B4697D94A}.NET35|Win32.Build.0 = Release|Win32
		{0C703F26-60DD-46B5-BC76-B39B4697D94A}.NET35|x86.ActiveCfg = Release|Win32
		{0C703F26-60DD-46B5-BC76-B39B4697D94A}.OffLine|Any CPU.ActiveCfg = Release|Win32
		{0C703F26-60DD-46B5-BC76-B39B4697D94A}.OffLine|Mixed Platforms.ActiveCfg = Release|Win32
		{0C703F26-60DD-46B5-BC76-B39B4697D94A}.OffLine|Mixed Platforms.Build.0 = Release|Win32
		{0C703F26-60DD-46B5-BC76-B39B4697D94A}.OffLine|Win32.ActiveCfg = Release|Win32
		{0C703F26-60DD-46B5-BC76-B39B4697D94A}.OffLine|Win32.Build.0 = Release|Win32
		{0C703F26-60DD-46B5-BC76-B39B4697D94A}.OffLine|x86.ActiveCfg = Release|Win32
		{0C703F26-60DD-46B5-BC76-B39B4697D94A}.Release|Any CPU.ActiveCfg = Release|Win32
		{0C703F26-60DD-46B5-BC76-B39B4697D94A}.Release|Mixed Platforms.ActiveCfg = Release|Win32
		{0C703F26-60DD-46B5-BC76-B39B4697D94A}.Release|Mixed Platforms.Build.0 = Release|Win32
		{0C703F26-60DD-46B5-BC76-B39B4697D94A}.Release|Win32.ActiveCfg = Release|Win32
		{0C703F26-60DD-46B5-BC76-B39B4697D94A}.Release|x86.ActiveCfg = Release|Win32
		{0C703F26-60DD-46B5-BC76-B39B4697D94A}.UseCopy|Any CPU.ActiveCfg = Release|Win32
		{0C703F26-60DD-46B5-BC76-B39B4697D94A}.UseCopy|Mixed Platforms.ActiveCfg = Release|Win32
		{0C703F26-60DD-46B5-BC76-B39B4697D94A}.UseCopy|Mixed Platforms.Build.0 = Release|Win32
		{0C703F26-60DD-46B5-BC76-B39B4697D94A}.UseCopy|Win32.ActiveCfg = Release|Win32
		{0C703F26-60DD-46B5-BC76-B39B4697D94A}.UseCopy|Win32.Build.0 = Release|Win32
		{0C703F26-60DD-46B5-BC76-B39B4697D94A}.UseCopy|x86.ActiveCfg = Release|Win32
		{03086BD7-0EE7-4BA7-9D6F-E706A43F140B}.Debug|Any CPU.ActiveCfg = Debug|Win32
		{03086BD7-0EE7-4BA7-9D6F-E706A43F140B}.Debug|Mixed Platforms.ActiveCfg = Debug|Win32
		{03086BD7-0EE7-4BA7-9D6F-E706A43F140B}.Debug|Win32.ActiveCfg = Debug|Win32
		{03086BD7-0EE7-4BA7-9D6F-E706A43F140B}.Debug|x86.ActiveCfg = Debug|Win32
		{03086BD7-0EE7-4BA7-9D6F-E706A43F140B}.NET35|Any CPU.ActiveCfg = Release|Win32
		{03086BD7-0EE7-4BA7-9D6F-E706A43F140B}.NET35|Mixed Platforms.ActiveCfg = Release|Win32
		{03086BD7-0EE7-4BA7-9D6F-E706A43F140B}.NET35|Mixed Platforms.Build.0 = Release|Win32
		{03086BD7-0EE7-4BA7-9D6F-E706A43F140B}.NET35|Win32.ActiveCfg = Release|Win32
		{03086BD7-0EE7-4BA7-9D6F-E706A43F140B}.NET35|Win32.Build.0 = Release|Win32
		{03086BD7-0EE7-4BA7-9D6F-E706A43F140B}.NET35|x86.ActiveCfg = Release|Win32
		{03086BD7-0EE7-4BA7-9D6F-E706A43F140B}.OffLine|Any CPU.ActiveCfg = Release|Win32
		{03086BD7-0EE7-4BA7-9D6F-E706A43F140B}.OffLine|Mixed Platforms.ActiveCfg = Release|Win32
		{03086BD7-0EE7-4BA7-9D6F-E706A43F140B}.OffLine|Mixed Platforms.Build.0 = Release|Win32
		{03086BD7-0EE7-4BA7-9D6F-E706A43F140B}.OffLine|Win32.ActiveCfg = Release|Win32
		{03086BD7-0EE7-4BA7-9D6F-E706A43F140B}.OffLine|Win32.Build.0 = Release|Win32
		{03086BD7-0EE7-4BA7-9D6F-E706A43F140B}.OffLine|x86.ActiveCfg = Release|Win32
		{03086BD7-0EE7-4BA7-9D6F-E706A43F140B}.Release|Any CPU.ActiveCfg = Release|Win32
		{03086BD7-0EE7-4BA7-9D6F-E706A43F140B}.Release|Mixed Platforms.ActiveCfg = Release|Win32
		{03086BD7-0EE7-4BA7-9D6F-E706A43F140B}.Release|Win32.ActiveCfg = Release|Win32
		{03086BD7-0EE7-4BA7-9D6F-E706A43F140B}.Release|x86.ActiveCfg = Release|Win32
		{03086BD7-0EE7-4BA7-9D6F-E706A43F140B}.UseCopy|Any CPU.ActiveCfg = Release|Win32
		{03086BD7-0EE7-4BA7-9D6F-E706A43F140B}.UseCopy|Mixed Platforms.ActiveCfg = Release|Win32
		{03086BD7-0EE7-4BA7-9D6F-E706A43F140B}.UseCopy|Mixed Platforms.Build.0 = Release|Win32
		{03086BD7-0EE7-4BA7-9D6F-E706A43F140B}.UseCopy|Win32.ActiveCfg = Release|Win32
		{03086BD7-0EE7-4BA7-9D6F-E706A43F140B}.UseCopy|Win32.Build.0 = Release|Win32
		{03086BD7-0EE7-4BA7-9D6F-E706A43F140B}.UseCopy|x86.ActiveCfg = Release|Win32
		{DF7104D3-9F8A-416B-9919-E282FCAB5A44}.Debug|Any CPU.ActiveCfg = Debug|x86
		{DF7104D3-9F8A-416B-9919-E282FCAB5A44}.Debug|Mixed Platforms.ActiveCfg = Debug|x86
		{DF7104D3-9F8A-416B-9919-E282FCAB5A44}.Debug|Win32.ActiveCfg = Debug|x86
		{DF7104D3-9F8A-416B-9919-E282FCAB5A44}.Debug|x86.ActiveCfg = Debug|x86
		{DF7104D3-9F8A-416B-9919-E282FCAB5A44}.Debug|x86.Build.0 = Debug|x86
		{DF7104D3-9F8A-416B-9919-E282FCAB5A44}.NET35|Any CPU.ActiveCfg = Release|x86
		{DF7104D3-9F8A-416B-9919-E282FCAB5A44}.NET35|Mixed Platforms.ActiveCfg = Release|x86
		{DF7104D3-9F8A-416B-9919-E282FCAB5A44}.NET35|Mixed Platforms.Build.0 = Release|x86
		{DF7104D3-9F8A-416B-9919-E282FCAB5A44}.NET35|Win32.ActiveCfg = Release|x86
		{DF7104D3-9F8A-416B-9919-E282FCAB5A44}.NET35|x86.ActiveCfg = Release|x86
		{DF7104D3-9F8A-416B-9919-E282FCAB5A44}.NET35|x86.Build.0 = Release|x86
		{DF7104D3-9F8A-416B-9919-E282FCAB5A44}.OffLine|Any CPU.ActiveCfg = Release|x86
		{DF7104D3-9F8A-416B-9919-E282FCAB5A44}.OffLine|Mixed Platforms.ActiveCfg = Release|x86
		{DF7104D3-9F8A-416B-9919-E282FCAB5A44}.OffLine|Mixed Platforms.Build.0 = Release|x86
		{DF7104D3-9F8A-416B-9919-E282FCAB5A44}.OffLine|Win32.ActiveCfg = Release|x86
		{DF7104D3-9F8A-416B-9919-E282FCAB5A44}.OffLine|x86.ActiveCfg = Release|x86
		{DF7104D3-9F8A-416B-9919-E282FCAB5A44}.OffLine|x86.Build.0 = Release|x86
		{DF7104D3-9F8A-416B-9919-E282FCAB5A44}.Release|Any CPU.ActiveCfg = Release|x86
		{DF7104D3-9F8A-416B-9919-E282FCAB5A44}.Release|Mixed Platforms.ActiveCfg = Release|x86
		{DF7104D3-9F8A-416B-9919-E282FCAB5A44}.Release|Win32.ActiveCfg = Release|x86
		{DF7104D3-9F8A-416B-9919-E282FCAB5A44}.Release|x86.ActiveCfg = Release|x86
		{DF7104D3-9F8A-416B-9919-E282FCAB5A44}.Release|x86.Build.0 = Release|x86
		{DF7104D3-9F8A-416B-9919-E282FCAB5A44}.UseCopy|Any CPU.ActiveCfg = Release|x86
		{DF7104D3-9F8A-416B-9919-E282FCAB5A44}.UseCopy|Mixed Platforms.ActiveCfg = Release|x86
		{DF7104D3-9F8A-416B-9919-E282FCAB5A44}.UseCopy|Mixed Platforms.Build.0 = Release|x86
		{DF7104D3-9F8A-416B-9919-E282FCAB5A44}.UseCopy|Win32.ActiveCfg = Release|x86
		{DF7104D3-9F8A-416B-9919-E282FCAB5A44}.UseCopy|x86.ActiveCfg = Release|x86
		{DF7104D3-9F8A-416B-9919-E282FCAB5A44}.UseCopy|x86.Build.0 = Release|x86
		{FF8FFA8D-5A95-4BCE-877D-00DF5076A2F4}.Debug|Any CPU.ActiveCfg = Debug|Any CPU
		{FF8FFA8D-5A95-4BCE-877D-00DF5076A2F4}.Debug|Any CPU.Build.0 = Debug|Any CPU
		{FF8FFA8D-5A95-4BCE-877D-00DF5076A2F4}.Debug|Mixed Platforms.ActiveCfg = Debug|Any CPU
		{FF8FFA8D-5A95-4BCE-877D-00DF5076A2F4}.Debug|Win32.ActiveCfg = Debug|Any CPU
		{FF8FFA8D-5A95-4BCE-877D-00DF5076A2F4}.Debug|x86.ActiveCfg = Debug|Any CPU
		{FF8FFA8D-5A95-4BCE-877D-00DF5076A2F4}.NET35|Any CPU.ActiveCfg = NET35|Any CPU
		{FF8FFA8D-5A95-4BCE-877D-00DF5076A2F4}.NET35|Any CPU.Build.0 = NET35|Any CPU
		{FF8FFA8D-5A95-4BCE-877D-00DF5076A2F4}.NET35|Mixed Platforms.ActiveCfg = NET35|Any CPU
		{FF8FFA8D-5A95-4BCE-877D-00DF5076A2F4}.NET35|Mixed Platforms.Build.0 = NET35|Any CPU
		{FF8FFA8D-5A95-4BCE-877D-00DF5076A2F4}.NET35|Win32.ActiveCfg = NET35|Any CPU
		{FF8FFA8D-5A95-4BCE-877D-00DF5076A2F4}.NET35|x86.ActiveCfg = NET35|Any CPU
		{FF8FFA8D-5A95-4BCE-877D-00DF5076A2F4}.OffLine|Any CPU.ActiveCfg = OffLine|Any CPU
		{FF8FFA8D-5A95-4BCE-877D-00DF5076A2F4}.OffLine|Any CPU.Build.0 = OffLine|Any CPU
		{FF8FFA8D-5A95-4BCE-877D-00DF5076A2F4}.OffLine|Mixed Platforms.ActiveCfg = OffLine|Any CPU
		{FF8FFA8D-5A95-4BCE-877D-00DF5076A2F4}.OffLine|Mixed Platforms.Build.0 = OffLine|Any CPU
		{FF8FFA8D-5A95-4BCE-877D-00DF5076A2F4}.OffLine|Win32.ActiveCfg = OffLine|Any CPU
		{FF8FFA8D-5A95-4BCE-877D-00DF5076A2F4}.OffLine|x86.ActiveCfg = OffLine|Any CPU
		{FF8FFA8D-5A95-4BCE-877D-00DF5076A2F4}.Release|Any CPU.ActiveCfg = Release|Any CPU
		{FF8FFA8D-5A95-4BCE-877D-00DF5076A2F4}.Release|Any CPU.Build.0 = Release|Any CPU
		{FF8FFA8D-5A95-4BCE-877D-00DF5076A2F4}.Release|Mixed Platforms.ActiveCfg = Release|Any CPU
		{FF8FFA8D-5A95-4BCE-877D-00DF5076A2F4}.Release|Mixed Platforms.Build.0 = Release|Any CPU
		{FF8FFA8D-5A95-4BCE-877D-00DF5076A2F4}.Release|Win32.ActiveCfg = Release|Any CPU
		{FF8FFA8D-5A95-4BCE-877D-00DF5076A2F4}.Release|x86.ActiveCfg = Release|Any CPU
		{FF8FFA8D-5A95-4BCE-877D-00DF5076A2F4}.UseCopy|Any CPU.ActiveCfg = OffLine|Any CPU
		{FF8FFA8D-5A95-4BCE-877D-00DF5076A2F4}.UseCopy|Any CPU.Build.0 = OffLine|Any CPU
		{FF8FFA8D-5A95-4BCE-877D-00DF5076A2F4}.UseCopy|Mixed Platforms.ActiveCfg = OffLine|Any CPU
		{FF8FFA8D-5A95-4BCE-877D-00DF5076A2F4}.UseCopy|Mixed Platforms.Build.0 = OffLine|Any CPU
		{FF8FFA8D-5A95-4BCE-877D-00DF5076A2F4}.UseCopy|Win32.ActiveCfg = OffLine|Any CPU
		{FF8FFA8D-5A95-4BCE-877D-00DF5076A2F4}.UseCopy|x86.ActiveCfg = OffLine|Any CPU
	EndGlobalSection
	GlobalSection(SolutionProperties) = preSolution
		HideSolutionNode = FALSE
	EndGlobalSection
EndGlobal
