<?xml version="1.0" encoding="utf-8"?>
<Project ToolsVersion="4.0" xmlns="http://schemas.microsoft.com/developer/msbuild/2003">
  <ItemGroup>
    <Filter Include="源文件">
      <UniqueIdentifier>{4FC737F1-C7A5-4376-A066-2A32D752A2FF}</UniqueIdentifier>
      <Extensions>cpp;c;cc;cxx;def;odl;idl;hpj;bat;asm;asmx</Extensions>
    </Filter>
    <Filter Include="头文件">
      <UniqueIdentifier>{93995380-89BD-4b04-88EB-625FBE52EBFB}</UniqueIdentifier>
      <Extensions>h;hpp;hxx;hm;inl;inc;xsd</Extensions>
    </Filter>
    <Filter Include="资源文件">
      <UniqueIdentifier>{67DA6AB6-F800-4c08-8B7A-83BB121AAD01}</UniqueIdentifier>
      <Extensions>rc;ico;cur;bmp;dlg;rc2;rct;bin;rgs;gif;jpg;jpeg;jpe;resx;tiff;tif;png;wav;mfcribbon-ms</Extensions>
    </Filter>
    <Filter Include="ASM">
      <UniqueIdentifier>{28a1e5ab-18ae-45be-af22-7f1d6aeeb9aa}</UniqueIdentifier>
    </Filter>
  </ItemGroup>
  <ItemGroup>
    <None Include="ASM\Ben_5101.asm">
      <Filter>ASM</Filter>
    </None>
    <None Include="ASM\P18F24K22.INC">
      <Filter>ASM</Filter>
    </None>
    <None Include="CBen_5101.mcp">
      <Filter>资源文件</Filter>
    </None>
    <None Include="CBen_5101.mcs">
      <Filter>资源文件</Filter>
    </None>
    <None Include="CBen_5101.mcw">
      <Filter>资源文件</Filter>
    </None>
    <None Include="ASM\ASMBen.mcp">
      <Filter>ASM</Filter>
    </None>
    <None Include="ASM\ASMBen.mcs">
      <Filter>ASM</Filter>
    </None>
    <None Include="ASM\ASMBen.mcw">
      <Filter>ASM</Filter>
    </None>
    <None Include="ASM\Define.INC">
      <Filter>ASM</Filter>
    </None>
    <None Include="ASM\ISR.asm">
      <Filter>ASM</Filter>
    </None>
    <None Include="NEWkey_Sheet1.SchDoc">
      <Filter>资源文件</Filter>
    </None>
    <None Include="CP24k22.DSN">
      <Filter>资源文件</Filter>
    </None>
    <None Include="EEPROM地址分配.xlsx">
      <Filter>资源文件</Filter>
    </None>
    <None Include="写KEY.txt">
      <Filter>资源文件</Filter>
    </None>
  </ItemGroup>
  <ItemGroup>
    <ClCompile Include="exFunction.c">
      <Filter>源文件</Filter>
    </ClCompile>
    <ClCompile Include="Init.c">
      <Filter>源文件</Filter>
    </ClCompile>
    <ClCompile Include="main.c">
      <Filter>源文件</Filter>
    </ClCompile>
    <ClCompile Include="M24XX.c">
      <Filter>资源文件</Filter>
    </ClCompile>
  </ItemGroup>
  <ItemGroup>
    <ClInclude Include="FlagDefine.h">
      <Filter>头文件</Filter>
    </ClInclude>
    <ClInclude Include="HardwareProfile.h">
      <Filter>头文件</Filter>
    </ClInclude>
    <ClInclude Include="pic18f24k22.h">
      <Filter>头文件</Filter>
    </ClInclude>
    <ClInclude Include="M24XX.h">
      <Filter>资源文件</Filter>
    </ClInclude>
  </ItemGroup>
</Project>