#MicroXplorer Configuration settings - do not modify
File.Version=6
KeepUserPlacement=false
Mcu.Family=STM32L4
Mcu.IP0=NVIC
Mcu.IP1=RCC
Mcu.IP2=SYS
Mcu.IP3=TIM2
Mcu.IP4=TIM16
Mcu.IPNb=5
Mcu.Name=STM32L412CBUx
Mcu.Package=UFQFPN48
Mcu.Pin0=PC13
Mcu.Pin1=PA0
Mcu.Pin10=PB1
Mcu.Pin11=PB2
Mcu.Pin12=PB10
Mcu.Pin13=PB11
Mcu.Pin14=PB12
Mcu.Pin15=PB13
Mcu.Pin16=PB14
Mcu.Pin17=PB15
Mcu.Pin18=PA8
Mcu.Pin19=PA9
Mcu.Pin2=PA1
Mcu.Pin20=PA10
Mcu.Pin21=PA13 (JTMS/SWDIO)
Mcu.Pin22=PA14 (JTCK/SWCLK)
Mcu.Pin23=PB4 (NJTRST)
Mcu.Pin24=PB5
Mcu.Pin25=PB6
Mcu.Pin26=PB7
Mcu.Pin27=PB8
Mcu.Pin28=PB9
Mcu.Pin29=VP_SYS_VS_Systick
Mcu.Pin3=PA2
Mcu.Pin30=VP_TIM16_VS_ClockSourceINT
Mcu.Pin4=PA3
Mcu.Pin5=PA4
Mcu.Pin6=PA5
Mcu.Pin7=PA6
Mcu.Pin8=PA7
Mcu.Pin9=PB0
Mcu.PinsNb=31
Mcu.ThirdPartyNb=0
Mcu.UserConstants=
Mcu.UserName=STM32L412CBUx
MxCube.Version=5.2.0
MxDb.Version=DB.5.0.20
NVIC.BusFault_IRQn=true\:0\:0\:false\:false\:true\:false\:false
NVIC.DebugMonitor_IRQn=true\:0\:0\:false\:false\:true\:false\:false
NVIC.HardFault_IRQn=true\:0\:0\:false\:false\:true\:false\:false
NVIC.MemoryManagement_IRQn=true\:0\:0\:false\:false\:true\:false\:false
NVIC.NonMaskableInt_IRQn=true\:0\:0\:false\:false\:true\:false\:false
NVIC.PendSV_IRQn=true\:0\:0\:false\:false\:true\:false\:false
NVIC.PriorityGroup=NVIC_PRIORITYGROUP_4
NVIC.SVCall_IRQn=true\:0\:0\:false\:false\:true\:false\:false
NVIC.SysTick_IRQn=true\:0\:0\:false\:false\:true\:false\:true
NVIC.UsageFault_IRQn=true\:0\:0\:false\:false\:true\:false\:false
PA0.GPIOParameters=GPIO_Label
PA0.GPIO_Label=WAKE
PA0.Locked=true
PA0.Signal=GPIO_Input
PA1.GPIOParameters=GPIO_Label
PA1.GPIO_Label=RFIRTx
PA1.Signal=S_TIM2_CH2
PA10.GPIOParameters=GPIO_Label
PA10.GPIO_Label=AS3933_CS
PA10.Locked=true
PA10.Signal=GPIO_Output
PA13\ (JTMS/SWDIO).Mode=Serial_Wire
PA13\ (JTMS/SWDIO).Signal=SYS_JTMS-SWDIO
PA14\ (JTCK/SWCLK).Mode=Serial_Wire
PA14\ (JTCK/SWCLK).Signal=SYS_JTCK-SWCLK
PA2.GPIOParameters=GPIO_Label
PA2.GPIO_Label=CarIRTx
PA2.Signal=S_TIM2_CH3
PA3.GPIOParameters=GPIO_Label
PA3.GPIO_Label=IRRx
PA3.Signal=S_TIM2_CH4
PA4.GPIOParameters=PinState,GPIO_Label
PA4.GPIO_Label=EE_WP
PA4.Locked=true
PA4.PinState=GPIO_PIN_SET
PA4.Signal=GPIO_Output
PA5.GPIOParameters=GPIO_Label
PA5.GPIO_Label=EE_MISO
PA5.Locked=true
PA5.Signal=GPIO_Input
PA6.GPIOParameters=GPIO_Label
PA6.GPIO_Label=EE_CS
PA6.Locked=true
PA6.Signal=GPIO_Output
PA7.GPIOParameters=GPIO_Speed,GPIO_Label
PA7.GPIO_Label=EE_MOSI
PA7.GPIO_Speed=GPIO_SPEED_FREQ_HIGH
PA7.Locked=true
PA7.Signal=GPIO_Output
PA8.GPIOParameters=GPIO_Speed,PinState,GPIO_Label
PA8.GPIO_Label=AS3933_MOSI
PA8.GPIO_Speed=GPIO_SPEED_FREQ_HIGH
PA8.Locked=true
PA8.PinState=GPIO_PIN_RESET
PA8.Signal=GPIO_Output
PA9.GPIOParameters=GPIO_Speed,GPIO_Label
PA9.GPIO_Label=AS3933_SCLK
PA9.GPIO_Speed=GPIO_SPEED_FREQ_HIGH
PA9.Locked=true
PA9.Signal=GPIO_Output
PB0.GPIOParameters=GPIO_Speed,GPIO_Label
PB0.GPIO_Label=EE_SCLK
PB0.GPIO_Speed=GPIO_SPEED_FREQ_HIGH
PB0.Locked=true
PB0.Signal=GPIO_Output
PB1.GPIOParameters=GPIO_Label
PB1.GPIO_Label=Tailgate
PB1.Locked=true
PB1.Signal=GPIO_Input
PB10.GPIOParameters=GPIO_Label
PB10.GPIO_Label=Lock
PB10.Locked=true
PB10.Signal=GPIO_Input
PB11.GPIOParameters=GPIO_Label
PB11.GPIO_Label=FindCar
PB11.Locked=true
PB11.Signal=GPIO_Input
PB12.GPIOParameters=GPIO_Label
PB12.GPIO_Label=bOnCar
PB12.Locked=true
PB12.Signal=GPXTI12
PB13.GPIOParameters=GPIO_Label
PB13.GPIO_Label=PowerHold
PB13.Locked=true
PB13.Signal=GPIO_Output
PB14.GPIOParameters=GPIO_Label
PB14.GPIO_Label=LED
PB14.Locked=true
PB14.Signal=GPIO_Output
PB15.GPIOParameters=GPIO_Label
PB15.GPIO_Label=AS3933_MISO
PB15.Locked=true
PB15.Signal=GPIO_Input
PB2.GPIOParameters=GPIO_Label
PB2.GPIO_Label=UnLock
PB2.Locked=true
PB2.Signal=GPIO_Input
PB4\ (NJTRST).GPIOParameters=GPIO_Label
PB4\ (NJTRST).GPIO_Label=ATA583X_PWR_ON
PB4\ (NJTRST).Locked=true
PB4\ (NJTRST).Signal=GPIO_Output
PB5.GPIOParameters=GPIO_Label
PB5.GPIO_Label=ATA583X_MISO
PB5.Locked=true
PB5.Signal=GPIO_Input
PB6.GPIOParameters=GPIO_Speed,GPIO_Label
PB6.GPIO_Label=ATA583X_MOSI
PB6.GPIO_Speed=GPIO_SPEED_FREQ_HIGH
PB6.Locked=true
PB6.Signal=GPIO_Output
PB7.GPIOParameters=GPIO_Speed,GPIO_Label,GPIO_FM7
PB7.GPIO_FM7=__NULL
PB7.GPIO_Label=ATA583X_SCLK
PB7.GPIO_Speed=GPIO_SPEED_FREQ_HIGH
PB7.Locked=true
PB7.Signal=GPIO_Output
PB8.GPIOParameters=GPIO_Label
PB8.GPIO_Label=ATA583X_TMDO
PB8.Locked=true
PB8.Signal=S_TIM16_CH1
PB9.GPIOParameters=GPIO_Speed,GPIO_Label
PB9.GPIO_Label=ATA583X_TMDI
PB9.GPIO_Speed=GPIO_SPEED_FREQ_MEDIUM
PB9.Locked=true
PB9.Signal=GPIO_Output
PC13.GPIOParameters=PinState,GPIO_Label
PC13.GPIO_Label=ATA583X_CS
PC13.Locked=true
PC13.PinState=GPIO_PIN_SET
PC13.Signal=GPIO_Output
PCC.Checker=false
PCC.Line=STM32L4x2
PCC.MCU=STM32L412CBUx
PCC.PartNumber=STM32L412CBUx
PCC.Seq0=0
PCC.Series=STM32L4
PCC.Temperature=25
PCC.Vdd=3.0
PinOutPanel.RotationAngle=0
ProjectManager.AskForMigrate=true
ProjectManager.BackupPrevious=false
ProjectManager.CompilerOptimize=6
ProjectManager.ComputerToolchain=false
ProjectManager.CoupleFile=true
ProjectManager.CustomerFirmwarePackage=
ProjectManager.DefaultFWLocation=true
ProjectManager.DeletePrevious=true
ProjectManager.DeviceId=STM32L412CBUx
ProjectManager.FirmwarePackage=STM32Cube FW_L4 V1.14.0
ProjectManager.FreePins=false
ProjectManager.HalAssertFull=false
ProjectManager.HeapSize=0x400
ProjectManager.KeepUserCode=true
ProjectManager.LastFirmware=true
ProjectManager.LibraryCopy=0
ProjectManager.MainLocation=Src
ProjectManager.NoMain=false
ProjectManager.PreviousToolchain=
ProjectManager.ProjectBuild=false
ProjectManager.ProjectFileName=stm32key_5833.ioc
ProjectManager.ProjectName=stm32key_5833
ProjectManager.StackSize=0x800
ProjectManager.TargetToolchain=Other Toolchains (GPDSC)
ProjectManager.ToolChainLocation=stm32key5833
ProjectManager.UnderRoot=false
ProjectManager.functionlistsort=1-MX_GPIO_Init-GPIO-false-HAL-true,2-SystemClock_Config-RCC-false-HAL-false,3-MX_TIM2_Init-TIM2-false-HAL-true,4-MX_TIM16_Init-TIM16-false-HAL-true
RCC.ADCFreq_Value=80000000
RCC.AHBFreq_Value=80000000
RCC.APB1Freq_Value=80000000
RCC.APB1TimFreq_Value=80000000
RCC.APB2Freq_Value=80000000
RCC.APB2TimFreq_Value=80000000
RCC.CK48CLockSelection=RCC_USBCLKSOURCE_HSI48
RCC.CRSFreq_Value=48000000
RCC.CortexFreq_Value=80000000
RCC.FCLKCortexFreq_Value=80000000
RCC.FLatency=FLASH_LATENCY_4
RCC.FamilyName=M
RCC.HCLKFreq_Value=80000000
RCC.HSE_VALUE=8000000
RCC.HSI48_VALUE=48000000
RCC.HSICalibrationValue=16
RCC.HSI_VALUE=16000000
RCC.I2C1Freq_Value=80000000
RCC.I2C2Freq_Value=80000000
RCC.I2C3Freq_Value=80000000
RCC.IPParameters=ADCFreq_Value,AHBFreq_Value,APB1Freq_Value,APB1TimFreq_Value,APB2Freq_Value,APB2TimFreq_Value,CK48CLockSelection,CRSFreq_Value,CortexFreq_Value,FCLKCortexFreq_Value,FLatency,FamilyName,HCLKFreq_Value,HSE_VALUE,HSI48_VALUE,HSICalibrationValue,HSI_VALUE,I2C1Freq_Value,I2C2Freq_Value,I2C3Freq_Value,LPTIM1Freq_Value,LPTIM2Freq_Value,LPUART1Freq_Value,LSCOPinFreq_Value,LSE_VALUE,LSI_VALUE,MCO1PinFreq_Value,MSI_VALUE,PLLN,PLLQoutputFreq_Value,PLLRCLKFreq_Value,PWRFreq_Value,RNGFreq_Value,SYSCLKFreq_VALUE,SYSCLKSource,USART1Freq_Value,USART2Freq_Value,USART3Freq_Value,USBFreq_Value,VCOInputFreq_Value,VCOOutputFreq_Value
RCC.LPTIM1Freq_Value=80000000
RCC.LPTIM2Freq_Value=80000000
RCC.LPUART1Freq_Value=80000000
RCC.LSCOPinFreq_Value=32000
RCC.LSE_VALUE=32768
RCC.LSI_VALUE=32000
RCC.MCO1PinFreq_Value=80000000
RCC.MSI_VALUE=4000000
RCC.PLLN=40
RCC.PLLQoutputFreq_Value=80000000
RCC.PLLRCLKFreq_Value=80000000
RCC.PWRFreq_Value=80000000
RCC.RNGFreq_Value=48000000
RCC.SYSCLKFreq_VALUE=80000000
RCC.SYSCLKSource=RCC_SYSCLKSOURCE_PLLCLK
RCC.USART1Freq_Value=80000000
RCC.USART2Freq_Value=80000000
RCC.USART3Freq_Value=80000000
RCC.USBFreq_Value=48000000
RCC.VCOInputFreq_Value=4000000
RCC.VCOOutputFreq_Value=160000000
SH.GPXTI12.0=GPIO_EXTI12
SH.GPXTI12.ConfNb=1
SH.S_TIM16_CH1.0=TIM16_CH1,Input_Capture1_from_TI1
SH.S_TIM16_CH1.ConfNb=1
SH.S_TIM2_CH2.0=TIM2_CH2,PWM Generation2 CH2
SH.S_TIM2_CH2.ConfNb=1
SH.S_TIM2_CH3.0=TIM2_CH3,PWM Generation3 CH3
SH.S_TIM2_CH3.ConfNb=1
SH.S_TIM2_CH4.0=TIM2_CH4,Input_Capture4_from_TI4
SH.S_TIM2_CH4.ConfNb=1
TIM16.Channel=TIM_CHANNEL_1
TIM16.ICPolarity_CH1=TIM_INPUTCHANNELPOLARITY_BOTHEDGE
TIM16.IPParameters=Channel,Prescaler,Period,ICPolarity_CH1
TIM16.Period=130
TIM16.Prescaler=79
TIM2.Channel-Input_Capture4_from_TI4=TIM_CHANNEL_4
TIM2.Channel-PWM\ Generation2\ CH2=TIM_CHANNEL_2
TIM2.Channel-PWM\ Generation3\ CH3=TIM_CHANNEL_3
TIM2.IPParameters=Channel-PWM Generation3 CH3,Channel-PWM Generation2 CH2,Channel-Input_Capture4_from_TI4,Prescaler,Period,OCMode_PWM-PWM Generation2 CH2,Pulse-PWM Generation2 CH2,OCMode_PWM-PWM Generation3 CH3,Pulse-PWM Generation3 CH3
TIM2.OCMode_PWM-PWM\ Generation2\ CH2=TIM_OCMODE_PWM2
TIM2.OCMode_PWM-PWM\ Generation3\ CH3=TIM_OCMODE_PWM2
TIM2.Period=50000
TIM2.Prescaler=79
TIM2.Pulse-PWM\ Generation2\ CH2=6
TIM2.Pulse-PWM\ Generation3\ CH3=20
VP_SYS_VS_Systick.Mode=SysTick
VP_SYS_VS_Systick.Signal=SYS_VS_Systick
VP_TIM16_VS_ClockSourceINT.Mode=Enable_Timer
VP_TIM16_VS_ClockSourceINT.Signal=TIM16_VS_ClockSourceINT
board=custom
