
Microsoft Visual Studio Solution File, Format Version 11.00
# Visual Studio 2010
Project("{8BC9CEB8-8B4A-11D0-8D11-00A0C91BC942}") = "VSProj", "VSProj\VSProj.vcxproj", "{A62BAC42-D4E7-4B4D-A36D-A19A22A8D4AA}"
EndProject
Global
	GlobalSection(SolutionConfigurationPlatforms) = preSolution
		Debug|VisualGDB = Debug|VisualGDB
		Release|VisualGDB = Release|VisualGDB
	EndGlobalSection
	GlobalSection(ProjectConfigurationPlatforms) = postSolution
		{A62BAC42-D4E7-4B4D-A36D-A19A22A8D4AA}.Debug|VisualGDB.ActiveCfg = Debug|VisualGDB
		{A62BAC42-D4E7-4B4D-A36D-A19A22A8D4AA}.Debug|VisualGDB.Build.0 = Debug|VisualGDB
		{A62BAC42-D4E7-4B4D-A36D-A19A22A8D4AA}.Release|VisualGDB.ActiveCfg = Release|VisualGDB
		{A62BAC42-D4E7-4B4D-A36D-A19A22A8D4AA}.Release|VisualGDB.Build.0 = Release|VisualGDB
	EndGlobalSection
	GlobalSection(SolutionProperties) = preSolution
		HideSolutionNode = FALSE
	EndGlobalSection
EndGlobal
